{
  "R": {
    "Version": "4.5.0",
    "Repositories": [
      {
        "Name": "CRAN",
        "URL": "https://cran.rstudio.com"
      }
    ]
  },
  "Packages": {
    "aweek": {
      "Package": "aweek",
      "Version": "1.0.3",
      "Source": "Repository",
      "Title": "Convert Dates to Arbitrary Week Definitions",
      "Authors@R": "person(c(\"Zhian N.\"), \"Kamvar\", email = \"zkamvar@gmail.com\", role = c(\"aut\", \"cre\"))",
      "Description": "Which day a week starts depends heavily on the either the local or professional context. This package is designed to be a lightweight solution to easily switching between week-based date definitions.",
      "Depends": [
        "R (>= 3.0)"
      ],
      "License": "MIT + file LICENSE",
      "Encoding": "UTF-8",
      "Suggests": [
        "testthat",
        "stats",
        "roxygen2",
        "knitr",
        "rmarkdown",
        "covr",
        "spelling"
      ],
      "RoxygenNote": "7.2.1",
      "URL": "https://www.repidemicsconsortium.org/aweek/",
      "BugReports": "https://github.com/reconhub/aweek/issues/",
      "VignetteBuilder": "knitr",
      "Language": "en-US",
      "NeedsCompilation": "no",
      "Author": "Zhian N. Kamvar [aut, cre]",
      "Maintainer": "Zhian N. Kamvar <zkamvar@gmail.com>",
      "Repository": "CRAN"
    },
    "cowsay": {
      "Package": "cowsay",
      "Version": "1.2.0",
      "Source": "Repository",
      "Title": "Messages, Warnings, Strings with Ascii Animals",
      "Description": "Allows printing of character strings as messages/warnings/etc. with ASCII animals, including cats, cows, frogs, chickens, ghosts, and more.",
      "License": "MIT + file LICENSE",
      "Authors@R": "c( person(\"Scott\", \"Chamberlain\", role = c(\"aut\", \"cre\"), email = \"myrmecocystus@gmail.com\"), person(\"Amanda\", \"Dobbyn\", role = c(\"aut\"), email = \"amanda.e.dobbyn@gmail.com\"), person(\"Tyler\", \"Rinker\", role = \"ctb\"), person(\"Thomas\", \"Leeper\", role = \"ctb\"), person(\"Noam\", \"Ross\", role = \"ctb\"), person(\"Rich\", \"FitzJohn\", role = \"ctb\"), person(\"Carson\", \"Sievert\", role = \"ctb\"), person(\"Kiyoko\", \"Gotanda\", role = \"ctb\"), person(\"Andy\", \"Teucher\", role = \"ctb\"), person(\"Karl\", \"Broman\", role = \"ctb\"), person(\"Franz-Sebastian\", \"Krah\", role = \"ctb\"), person(\"Lucy\", \"D'Agostino McGowan\", role = \"ctb\"), person(\"Guangchuang\", \"Yu\", role = \"ctb\"), person(\"Philipp\", \"Boersch-Supan\", role = \"ctb\"), person(\"Andreas\", \"Brandmaier\", role=\"ctb\"), person(\"Marion\", \"Louveaux\", role=\"ctb\"), person(\"David\", \"Schoch\", role = \"ctb\") )",
      "URL": "https://github.com/sckott/cowsay, https://sckott.github.io/cowsay/",
      "BugReports": "https://github.com/sckott/cowsay/issues",
      "Encoding": "UTF-8",
      "Language": "en-US",
      "VignetteBuilder": "knitr",
      "Imports": [
        "crayon",
        "rlang"
      ],
      "Suggests": [
        "fortunes",
        "rmsfact",
        "jsonlite",
        "knitr",
        "rmarkdown",
        "testthat"
      ],
      "RoxygenNote": "7.3.2",
      "NeedsCompilation": "no",
      "Author": "Scott Chamberlain [aut, cre], Amanda Dobbyn [aut], Tyler Rinker [ctb], Thomas Leeper [ctb], Noam Ross [ctb], Rich FitzJohn [ctb], Carson Sievert [ctb], Kiyoko Gotanda [ctb], Andy Teucher [ctb], Karl Broman [ctb], Franz-Sebastian Krah [ctb], Lucy D'Agostino McGowan [ctb], Guangchuang Yu [ctb], Philipp Boersch-Supan [ctb], Andreas Brandmaier [ctb], Marion Louveaux [ctb], David Schoch [ctb]",
      "Maintainer": "Scott Chamberlain <myrmecocystus@gmail.com>",
      "Repository": "CRAN"
    },
    "crayon": {
      "Package": "crayon",
      "Version": "1.5.3",
      "Source": "Repository",
      "Title": "Colored Terminal Output",
      "Authors@R": "c( person(\"Gábor\", \"Csárdi\", , \"csardi.gabor@gmail.com\", role = c(\"aut\", \"cre\")), person(\"Brodie\", \"Gaslam\", , \"brodie.gaslam@yahoo.com\", role = \"ctb\"), person(\"Posit Software, PBC\", role = c(\"cph\", \"fnd\")) )",
      "Description": "The crayon package is now superseded. Please use the 'cli' package for new projects.  Colored terminal output on terminals that support 'ANSI' color and highlight codes. It also works in 'Emacs' 'ESS'. 'ANSI' color support is automatically detected. Colors and highlighting can be combined and nested. New styles can also be created easily.  This package was inspired by the 'chalk' 'JavaScript' project.",
      "License": "MIT + file LICENSE",
      "URL": "https://r-lib.github.io/crayon/, https://github.com/r-lib/crayon",
      "BugReports": "https://github.com/r-lib/crayon/issues",
      "Imports": [
        "grDevices",
        "methods",
        "utils"
      ],
      "Suggests": [
        "mockery",
        "rstudioapi",
        "testthat",
        "withr"
      ],
      "Config/Needs/website": "tidyverse/tidytemplate",
      "Encoding": "UTF-8",
      "RoxygenNote": "7.3.1",
      "Collate": "'aaa-rstudio-detect.R' 'aaaa-rematch2.R' 'aab-num-ansi-colors.R' 'aac-num-ansi-colors.R' 'ansi-256.R' 'ansi-palette.R' 'combine.R' 'string.R' 'utils.R' 'crayon-package.R' 'disposable.R' 'enc-utils.R' 'has_ansi.R' 'has_color.R' 'link.R' 'styles.R' 'machinery.R' 'parts.R' 'print.R' 'style-var.R' 'show.R' 'string_operations.R'",
      "NeedsCompilation": "no",
      "Author": "Gábor Csárdi [aut, cre], Brodie Gaslam [ctb], Posit Software, PBC [cph, fnd]",
      "Maintainer": "Gábor Csárdi <csardi.gabor@gmail.com>",
      "Repository": "CRAN"
    },
    "renv": {
      "Package": "renv",
      "Version": "1.1.4",
      "Source": "Repository",
      "Type": "Package",
      "Title": "Project Environments",
      "Authors@R": "c( person(\"Kevin\", \"Ushey\", role = c(\"aut\", \"cre\"), email = \"kevin@rstudio.com\", comment = c(ORCID = \"0000-0003-2880-7407\")), person(\"Hadley\", \"Wickham\", role = c(\"aut\"), email = \"hadley@rstudio.com\", comment = c(ORCID = \"0000-0003-4757-117X\")), person(\"Posit Software, PBC\", role = c(\"cph\", \"fnd\")) )",
      "Description": "A dependency management toolkit for R. Using 'renv', you can create and manage project-local R libraries, save the state of these libraries to a 'lockfile', and later restore your library as required. Together, these tools can help make your projects more isolated, portable, and reproducible.",
      "License": "MIT + file LICENSE",
      "URL": "https://rstudio.github.io/renv/, https://github.com/rstudio/renv",
      "BugReports": "https://github.com/rstudio/renv/issues",
      "Imports": [
        "utils"
      ],
      "Suggests": [
        "BiocManager",
        "cli",
        "compiler",
        "covr",
        "cpp11",
        "devtools",
        "gitcreds",
        "jsonlite",
        "jsonvalidate",
        "knitr",
        "miniUI",
        "modules",
        "packrat",
        "pak",
        "R6",
        "remotes",
        "reticulate",
        "rmarkdown",
        "rstudioapi",
        "shiny",
        "testthat",
        "uuid",
        "waldo",
        "yaml",
        "webfakes"
      ],
      "Encoding": "UTF-8",
      "RoxygenNote": "7.3.2",
      "VignetteBuilder": "knitr",
      "Config/Needs/website": "tidyverse/tidytemplate",
      "Config/testthat/edition": "3",
      "Config/testthat/parallel": "true",
      "Config/testthat/start-first": "bioconductor,python,install,restore,snapshot,retrieve,remotes",
      "NeedsCompilation": "no",
      "Author": "Kevin Ushey [aut, cre] (<https://orcid.org/0000-0003-2880-7407>), Hadley Wickham [aut] (<https://orcid.org/0000-0003-4757-117X>), Posit Software, PBC [cph, fnd]",
      "Maintainer": "Kevin Ushey <kevin@rstudio.com>",
      "Repository": "CRAN"
    },
    "rlang": {
      "Package": "rlang",
      "Version": "1.1.6",
      "Source": "Repository",
      "Title": "Functions for Base Types and Core R and 'Tidyverse' Features",
      "Description": "A toolbox for working with base types, core R features like the condition system, and core 'Tidyverse' features like tidy evaluation.",
      "Authors@R": "c( person(\"Lionel\", \"Henry\", ,\"lionel@posit.co\", c(\"aut\", \"cre\")), person(\"Hadley\", \"Wickham\", ,\"hadley@posit.co\", \"aut\"), person(given = \"mikefc\", email = \"mikefc@coolbutuseless.com\", role = \"cph\", comment = \"Hash implementation based on Mike's xxhashlite\"), person(given = \"Yann\", family = \"Collet\", role = \"cph\", comment = \"Author of the embedded xxHash library\"), person(given = \"Posit, PBC\", role = c(\"cph\", \"fnd\")) )",
      "License": "MIT + file LICENSE",
      "ByteCompile": "true",
      "Biarch": "true",
      "Depends": [
        "R (>= 3.5.0)"
      ],
      "Imports": [
        "utils"
      ],
      "Suggests": [
        "cli (>= 3.1.0)",
        "covr",
        "crayon",
        "desc",
        "fs",
        "glue",
        "knitr",
        "magrittr",
        "methods",
        "pillar",
        "pkgload",
        "rmarkdown",
        "stats",
        "testthat (>= 3.2.0)",
        "tibble",
        "usethis",
        "vctrs (>= 0.2.3)",
        "withr"
      ],
      "Enhances": [
        "winch"
      ],
      "Encoding": "UTF-8",
      "RoxygenNote": "7.3.2",
      "URL": "https://rlang.r-lib.org, https://github.com/r-lib/rlang",
      "BugReports": "https://github.com/r-lib/rlang/issues",
      "Config/build/compilation-database": "true",
      "Config/testthat/edition": "3",
      "Config/Needs/website": "dplyr, tidyverse/tidytemplate",
      "NeedsCompilation": "yes",
      "Author": "Lionel Henry [aut, cre], Hadley Wickham [aut], mikefc [cph] (Hash implementation based on Mike's xxhashlite), Yann Collet [cph] (Author of the embedded xxHash library), Posit, PBC [cph, fnd]",
      "Maintainer": "Lionel Henry <lionel@posit.co>",
      "Repository": "CRAN"
    }
  }
}
